{
  "version": 4,
  "terraform_version": "0.14.3",
  "serial": 0,
  "lineage": "b0b7ee16-37ae-7451-b476-68de2a083e7b",
  "outputs": {},
  "resources": [
    {
      "module": "module.ALB",
      "mode": "managed",
      "type": "aws_lb",
      "name": "qaelb",
      "provider": "provider[\"registry.terraform.io/hashicorp/aws\"]",
      "instances": [
        {
          "schema_version": 0,
          "attributes": {
            "access_logs": [
              {
                "bucket": "",
                "enabled": false,
                "prefix": ""
              }
            ],
            "arn": "arn:aws:elasticloadbalancing:us-east-2:854265026222:loadbalancer/app/qaelb/9211db91901df767",
            "arn_suffix": "app/qaelb/9211db91901df767",
            "customer_owned_ipv4_pool": "",
            "dns_name": "qaelb-408695523.us-east-2.elb.amazonaws.com",
            "drop_invalid_header_fields": false,
            "enable_cross_zone_load_balancing": null,
            "enable_deletion_protection": false,
            "enable_http2": true,
            "id": "arn:aws:elasticloadbalancing:us-east-2:854265026222:loadbalancer/app/qaelb/9211db91901df767",
            "idle_timeout": 60,
            "internal": false,
            "ip_address_type": "ipv4",
            "load_balancer_type": "application",
            "name": "qaelb",
            "name_prefix": null,
            "security_groups": [
              "sg-075c9dab297b3d9d0"
            ],
            "subnet_mapping": [
              {
                "allocation_id": "",
                "outpost_id": "",
                "private_ipv4_address": "",
                "subnet_id": "subnet-0418b31349ed5603f"
              },
              {
                "allocation_id": "",
                "outpost_id": "",
                "private_ipv4_address": "",
                "subnet_id": "subnet-04619a3354846d05b"
              }
            ],
            "subnets": [
              "subnet-0418b31349ed5603f",
              "subnet-04619a3354846d05b"
            ],
            "tags": null,
            "timeouts": null,
            "vpc_id": "vpc-081d883eb93544d17",
            "zone_id": "Z3AADJGX6KTTL2"
          },
          "sensitive_attributes": [],
          "private": "eyJlMmJmYjczMC1lY2FhLTExZTYtOGY4OC0zNDM2M2JjN2M0YzAiOnsiY3JlYXRlIjo2MDAwMDAwMDAwMDAsImRlbGV0ZSI6NjAwMDAwMDAwMDAwLCJ1cGRhdGUiOjYwMDAwMDAwMDAwMH19",
          "dependencies": [
            "module.Security_Groups.aws_security_group.SG_elb_http",
            "module.Subnets.aws_subnet.Public_Subnet_A",
            "module.Subnets.aws_subnet.Public_Subnet_B",
            "module.VPC.aws_vpc.kikeman_vpc"
          ]
        }
      ]
    },
    {
      "module": "module.ALB",
      "mode": "managed",
      "type": "aws_lb_listener",
      "name": "Front_end",
      "provider": "provider[\"registry.terraform.io/hashicorp/aws\"]",
      "instances": [
        {
          "schema_version": 0,
          "attributes": {
            "arn": "arn:aws:elasticloadbalancing:us-east-2:854265026222:listener/app/qaelb/9211db91901df767/7abb1126c320ac79",
            "certificate_arn": null,
            "default_action": [
              {
                "authenticate_cognito": [],
                "authenticate_oidc": [],
                "fixed_response": [],
                "forward": [],
                "order": 1,
                "redirect": [],
                "target_group_arn": "arn:aws:elasticloadbalancing:us-east-2:854265026222:targetgroup/TargetGroup-for-QA-and-HTTP/f467fb8c7a576430",
                "type": "forward"
              }
            ],
            "id": "arn:aws:elasticloadbalancing:us-east-2:854265026222:listener/app/qaelb/9211db91901df767/7abb1126c320ac79",
            "load_balancer_arn": "arn:aws:elasticloadbalancing:us-east-2:854265026222:loadbalancer/app/qaelb/9211db91901df767",
            "port": 80,
            "protocol": "HTTP",
            "ssl_policy": "",
            "timeouts": null
          },
          "sensitive_attributes": [],
          "private": "eyJlMmJmYjczMC1lY2FhLTExZTYtOGY4OC0zNDM2M2JjN2M0YzAiOnsicmVhZCI6NjAwMDAwMDAwMDAwfX0=",
          "dependencies": [
            "module.ALB.aws_lb.qaelb",
            "module.Security_Groups.aws_security_group.SG_elb_http",
            "module.Subnets.aws_subnet.Public_Subnet_A",
            "module.Subnets.aws_subnet.Public_Subnet_B",
            "module.TG_Attachment.aws_lb_target_group.tg_qa",
            "module.VPC.aws_vpc.kikeman_vpc"
          ]
        }
      ]
    },
    {
      "module": "module.EC2",
      "mode": "managed",
      "type": "aws_instance",
      "name": "server1",
      "provider": "provider[\"registry.terraform.io/hashicorp/aws\"]",
      "instances": [
        {
          "schema_version": 1,
          "attributes": {
            "ami": "ami-0a0ad6b70e61be944",
            "arn": "arn:aws:ec2:us-east-2:854265026222:instance/i-0958a9d6731764255",
            "associate_public_ip_address": true,
            "availability_zone": "us-east-2a",
            "cpu_core_count": 1,
            "cpu_threads_per_core": 1,
            "credit_specification": [
              {
                "cpu_credits": "standard"
              }
            ],
            "disable_api_termination": false,
            "ebs_block_device": [],
            "ebs_optimized": false,
            "enclave_options": [
              {
                "enabled": false
              }
            ],
            "ephemeral_block_device": [],
            "get_password_data": false,
            "hibernation": false,
            "host_id": null,
            "iam_instance_profile": "",
            "id": "i-0958a9d6731764255",
            "instance_initiated_shutdown_behavior": null,
            "instance_state": "running",
            "instance_type": "t2.micro",
            "ipv6_address_count": 0,
            "ipv6_addresses": [],
            "key_name": "tf_key",
            "metadata_options": [
              {
                "http_endpoint": "enabled",
                "http_put_response_hop_limit": 1,
                "http_tokens": "optional"
              }
            ],
            "monitoring": false,
            "network_interface": [],
            "outpost_arn": "",
            "password_data": "",
            "placement_group": "",
            "primary_network_interface_id": "eni-0266c06fef9ea3be2",
            "private_dns": "ip-192-168-30-40.us-east-2.compute.internal",
            "private_ip": "192.168.30.40",
            "public_dns": "ec2-3-138-122-161.us-east-2.compute.amazonaws.com",
            "public_ip": "3.138.122.161",
            "root_block_device": [
              {
                "delete_on_termination": true,
                "device_name": "/dev/xvda",
                "encrypted": false,
                "iops": 100,
                "kms_key_id": "",
                "throughput": 0,
                "volume_id": "vol-02a3ebb23f2eaca26",
                "volume_size": 8,
                "volume_type": "gp2"
              }
            ],
            "secondary_private_ips": [],
            "security_groups": [],
            "source_dest_check": true,
            "subnet_id": "subnet-0b3d0c4ce593d8ff1",
            "tags": {
              "Ambiente": "QA",
              "Name": "Server1"
            },
            "tenancy": "default",
            "timeouts": null,
            "user_data": "6fbc4da72a6e18e3a17975d08818b0cb04a57674",
            "user_data_base64": null,
            "volume_tags": {},
            "vpc_security_group_ids": [
              "sg-090e1a711ecfa296e"
            ]
          },
          "sensitive_attributes": [],
          "private": "eyJlMmJmYjczMC1lY2FhLTExZTYtOGY4OC0zNDM2M2JjN2M0YzAiOnsiY3JlYXRlIjo2MDAwMDAwMDAwMDAsImRlbGV0ZSI6MTIwMDAwMDAwMDAwMCwidXBkYXRlIjo2MDAwMDAwMDAwMDB9LCJzY2hlbWFfdmVyc2lvbiI6IjEifQ==",
          "dependencies": [
            "module.Key_pair.aws_key_pair.Key_pair",
            "module.Security_Groups.aws_security_group.SG_elb_http",
            "module.Security_Groups.aws_security_group.SG_ssh_http",
            "module.Subnets.aws_subnet.Private_Subnet_A",
            "module.VPC.aws_vpc.kikeman_vpc"
          ]
        }
      ]
    },
    {
      "module": "module.EC2",
      "mode": "managed",
      "type": "aws_instance",
      "name": "server2",
      "provider": "provider[\"registry.terraform.io/hashicorp/aws\"]",
      "instances": [
        {
          "schema_version": 1,
          "attributes": {
            "ami": "ami-0a0ad6b70e61be944",
            "arn": "arn:aws:ec2:us-east-2:854265026222:instance/i-012cbf2cf959e9128",
            "associate_public_ip_address": true,
            "availability_zone": "us-east-2b",
            "cpu_core_count": 1,
            "cpu_threads_per_core": 1,
            "credit_specification": [
              {
                "cpu_credits": "standard"
              }
            ],
            "disable_api_termination": false,
            "ebs_block_device": [],
            "ebs_optimized": false,
            "enclave_options": [
              {
                "enabled": false
              }
            ],
            "ephemeral_block_device": [],
            "get_password_data": false,
            "hibernation": false,
            "host_id": null,
            "iam_instance_profile": "",
            "id": "i-012cbf2cf959e9128",
            "instance_initiated_shutdown_behavior": null,
            "instance_state": "running",
            "instance_type": "t2.micro",
            "ipv6_address_count": 0,
            "ipv6_addresses": [],
            "key_name": "tf_key",
            "metadata_options": [
              {
                "http_endpoint": "enabled",
                "http_put_response_hop_limit": 1,
                "http_tokens": "optional"
              }
            ],
            "monitoring": false,
            "network_interface": [],
            "outpost_arn": "",
            "password_data": "",
            "placement_group": "",
            "primary_network_interface_id": "eni-0bbd350abef3d766d",
            "private_dns": "ip-192-168-30-54.us-east-2.compute.internal",
            "private_ip": "192.168.30.54",
            "public_dns": "ec2-13-58-54-94.us-east-2.compute.amazonaws.com",
            "public_ip": "13.58.54.94",
            "root_block_device": [
              {
                "delete_on_termination": true,
                "device_name": "/dev/xvda",
                "encrypted": false,
                "iops": 100,
                "kms_key_id": "",
                "throughput": 0,
                "volume_id": "vol-057dd247d5c66b8a6",
                "volume_size": 8,
                "volume_type": "gp2"
              }
            ],
            "secondary_private_ips": [],
            "security_groups": [],
            "source_dest_check": true,
            "subnet_id": "subnet-0ee09bf5103bd9ca3",
            "tags": {
              "Ambiente": "QA",
              "Name": "Server2"
            },
            "tenancy": "default",
            "timeouts": null,
            "user_data": "6fbc4da72a6e18e3a17975d08818b0cb04a57674",
            "user_data_base64": null,
            "volume_tags": {},
            "vpc_security_group_ids": [
              "sg-090e1a711ecfa296e"
            ]
          },
          "sensitive_attributes": [],
          "private": "eyJlMmJmYjczMC1lY2FhLTExZTYtOGY4OC0zNDM2M2JjN2M0YzAiOnsiY3JlYXRlIjo2MDAwMDAwMDAwMDAsImRlbGV0ZSI6MTIwMDAwMDAwMDAwMCwidXBkYXRlIjo2MDAwMDAwMDAwMDB9LCJzY2hlbWFfdmVyc2lvbiI6IjEifQ==",
          "dependencies": [
            "module.Key_pair.aws_key_pair.Key_pair",
            "module.Security_Groups.aws_security_group.SG_elb_http",
            "module.Security_Groups.aws_security_group.SG_ssh_http",
            "module.Subnets.aws_subnet.Private_Subnet_B",
            "module.VPC.aws_vpc.kikeman_vpc"
          ]
        }
      ]
    },
    {
      "module": "module.EIP",
      "mode": "managed",
      "type": "aws_eip",
      "name": "one",
      "provider": "provider[\"registry.terraform.io/hashicorp/aws\"]",
      "instances": [
        {
          "schema_version": 0,
          "attributes": {
            "allocation_id": null,
            "associate_with_private_ip": null,
            "association_id": "",
            "carrier_ip": "",
            "customer_owned_ip": "",
            "customer_owned_ipv4_pool": "",
            "domain": "vpc",
            "id": "eipalloc-07793d493904d8108",
            "instance": "",
            "network_border_group": "us-east-2",
            "network_interface": "",
            "private_dns": null,
            "private_ip": "",
            "public_dns": "ec2-3-19-233-148.us-east-2.compute.amazonaws.com",
            "public_ip": "3.19.233.148",
            "public_ipv4_pool": "amazon",
            "tags": null,
            "timeouts": null,
            "vpc": true
          },
          "sensitive_attributes": [],
          "private": "eyJlMmJmYjczMC1lY2FhLTExZTYtOGY4OC0zNDM2M2JjN2M0YzAiOnsiZGVsZXRlIjoxODAwMDAwMDAwMDAsInJlYWQiOjkwMDAwMDAwMDAwMCwidXBkYXRlIjozMDAwMDAwMDAwMDB9fQ=="
        }
      ]
    },
    {
      "module": "module.Internet_Gateway",
      "mode": "managed",
      "type": "aws_internet_gateway",
      "name": "Kikeman_IGW",
      "provider": "provider[\"registry.terraform.io/hashicorp/aws\"]",
      "instances": [
        {
          "schema_version": 0,
          "attributes": {
            "arn": "arn:aws:ec2:us-east-2:854265026222:internet-gateway/igw-01f378a986efc3667",
            "id": "igw-01f378a986efc3667",
            "owner_id": "854265026222",
            "tags": {
              "Name": "Kikeman_IGW"
            },
            "vpc_id": "vpc-081d883eb93544d17"
          },
          "sensitive_attributes": [],
          "private": "bnVsbA==",
          "dependencies": [
            "module.VPC.aws_vpc.kikeman_vpc"
          ]
        }
      ]
    },
    {
      "module": "module.Key_pair",
      "mode": "managed",
      "type": "aws_key_pair",
      "name": "Key_pair",
      "provider": "provider[\"registry.terraform.io/hashicorp/aws\"]",
      "instances": [
        {
          "schema_version": 1,
          "attributes": {
            "arn": "arn:aws:ec2:us-east-2:854265026222:key-pair/tf_key",
            "fingerprint": "87:f3:71:9c:95:0a:a2:ad:e1:12:7b:d1:22:b6:aa:b1",
            "id": "tf_key",
            "key_name": "tf_key",
            "key_name_prefix": null,
            "key_pair_id": "key-07fd78dd80968f422",
            "public_key": "ssh-rsa AAAAB3NzaC1yc2EAAAADAQABAAACAQDRs6yYHP25JwFekNVNUbZN7HITnD2Vu6xQh6+hOTgnayrz0OrxNVjakEFgqYpO2sQOylLrbr649Wy7RDngzBaAYu24yK/cggyG0Ls1n+qHDWBW+IzaQA6SZHSr3A0gqkiYJb1Ki1U7v8WWuh3qAsMAKE9qrKTUEoKAm6dydsMy70R8KNwgTWKzDkneKl2uSvYzjKcv+BcXtzdTqUTx+SaqMQP0Bt4N5Wq79SyA+BfUCSrLOTqg14AyCxi6Ggf/0y89ZdhYuoHYnrxAUpA38rCB8kyYtN3t6VdvxrLqIYcT3BeR6E8dyrDIWCFrLebLwzBYyn8TuPYBu8YQcMUexNC2bAszoX0qctxKrc/n7wmEkyrjIi4m4TRNwryEj8P5CvHQeI0oWrKuCFMAZ9ZGQAbxjP3mjJW7izJX4JsS19kf0JlVIYGWa2nrRIal1IhTgiUN577NuC/b2FMH7FWwxGHV90h9TaTfQVk79O4sRg+cL8S/czHI4TSaUdTVf011mdalFxtmy7wEyvowfRZP9XsCEFq3FX4gMrfR5lkHlJj6jLJj8W9n9mB5qK0/nfYfMfbjcgL1vT473R65u0vxkBeU7Mna7QiRS3EkHXFy+rppkyrC+KReiFpy4wMnA695lhmAzH4YmO7g6+UNPD1KJTeyRwWFEOMBMkdasNEykH4MWQ==",
            "tags": null
          },
          "sensitive_attributes": [],
          "private": "eyJzY2hlbWFfdmVyc2lvbiI6IjEifQ=="
        }
      ]
    },
    {
      "module": "module.NAT_GW",
      "mode": "managed",
      "type": "aws_nat_gateway",
      "name": "nat_gw_qa",
      "provider": "provider[\"registry.terraform.io/hashicorp/aws\"]",
      "instances": [
        {
          "schema_version": 0,
          "attributes": {
            "allocation_id": "eipalloc-07793d493904d8108",
            "id": "nat-0ce7824eee2ebdf0f",
            "network_interface_id": "eni-031ae8199329d36c7",
            "private_ip": "192.168.30.8",
            "public_ip": "3.19.233.148",
            "subnet_id": "subnet-04619a3354846d05b",
            "tags": null
          },
          "sensitive_attributes": [],
          "private": "bnVsbA==",
          "dependencies": [
            "module.EIP.aws_eip.one",
            "module.Subnets.aws_subnet.Public_Subnet_A",
            "module.VPC.aws_vpc.kikeman_vpc"
          ]
        }
      ]
    },
    {
      "module": "module.Route53",
      "mode": "managed",
      "type": "aws_route53_record",
      "name": "myelb",
      "provider": "provider[\"registry.terraform.io/hashicorp/aws\"]",
      "instances": [
        {
          "schema_version": 2,
          "attributes": {
            "alias": [],
            "allow_overwrite": null,
            "failover_routing_policy": [],
            "fqdn": "applb.qa.hiramidianelli.com",
            "geolocation_routing_policy": [],
            "health_check_id": null,
            "id": "Z04109223KQ1TI0E3FQUP_applb.qa.hiramidianelli.com_CNAME",
            "latency_routing_policy": [],
            "multivalue_answer_routing_policy": null,
            "name": "applb.qa.hiramidianelli.com",
            "records": [
              "qaelb-408695523.us-east-2.elb.amazonaws.com"
            ],
            "set_identifier": null,
            "ttl": 300,
            "type": "CNAME",
            "weighted_routing_policy": [],
            "zone_id": "Z04109223KQ1TI0E3FQUP"
          },
          "sensitive_attributes": [],
          "private": "eyJzY2hlbWFfdmVyc2lvbiI6IjIifQ==",
          "dependencies": [
            "module.ALB.aws_lb.qaelb",
            "module.Route53.aws_route53_zone.QA_Zone",
            "module.Security_Groups.aws_security_group.SG_elb_http",
            "module.Subnets.aws_subnet.Public_Subnet_A",
            "module.Subnets.aws_subnet.Public_Subnet_B",
            "module.VPC.aws_vpc.kikeman_vpc"
          ]
        }
      ]
    },
    {
      "module": "module.Route53",
      "mode": "managed",
      "type": "aws_route53_zone",
      "name": "QA_Zone",
      "provider": "provider[\"registry.terraform.io/hashicorp/aws\"]",
      "instances": [
        {
          "schema_version": 0,
          "attributes": {
            "comment": "Managed by Terraform",
            "delegation_set_id": "",
            "force_destroy": true,
            "id": "Z04109223KQ1TI0E3FQUP",
            "name": "qa.hiramidianelli.com",
            "name_servers": [
              "ns-0.awsdns-00.com.",
              "ns-1024.awsdns-00.org.",
              "ns-1536.awsdns-00.co.uk.",
              "ns-512.awsdns-00.net."
            ],
            "tags": null,
            "vpc": [
              {
                "vpc_id": "vpc-081d883eb93544d17",
                "vpc_region": "us-east-2"
              }
            ],
            "zone_id": "Z04109223KQ1TI0E3FQUP"
          },
          "sensitive_attributes": [],
          "private": "bnVsbA==",
          "dependencies": [
            "module.VPC.aws_vpc.kikeman_vpc"
          ]
        }
      ]
    },
    {
      "module": "module.Route_Table_Association",
      "mode": "managed",
      "type": "aws_route_table_association",
      "name": "Private_Association_A",
      "provider": "provider[\"registry.terraform.io/hashicorp/aws\"]",
      "instances": [
        {
          "schema_version": 0,
          "attributes": {
            "gateway_id": null,
            "id": "rtbassoc-029e37f425995c046",
            "route_table_id": "rtb-0f5cc12712d1ce06e",
            "subnet_id": "subnet-0b3d0c4ce593d8ff1"
          },
          "sensitive_attributes": [],
          "private": "bnVsbA==",
          "dependencies": [
            "module.EIP.aws_eip.one",
            "module.NAT_GW.aws_nat_gateway.nat_gw_qa",
            "module.Route_Tables.aws_route_table.Private_Route",
            "module.Subnets.aws_subnet.Private_Subnet_A",
            "module.Subnets.aws_subnet.Public_Subnet_A",
            "module.VPC.aws_vpc.kikeman_vpc"
          ]
        }
      ]
    },
    {
      "module": "module.Route_Table_Association",
      "mode": "managed",
      "type": "aws_route_table_association",
      "name": "Private_Association_B",
      "provider": "provider[\"registry.terraform.io/hashicorp/aws\"]",
      "instances": [
        {
          "schema_version": 0,
          "attributes": {
            "gateway_id": null,
            "id": "rtbassoc-0f2a9fd9875691777",
            "route_table_id": "rtb-0f5cc12712d1ce06e",
            "subnet_id": "subnet-0ee09bf5103bd9ca3"
          },
          "sensitive_attributes": [],
          "private": "bnVsbA==",
          "dependencies": [
            "module.EIP.aws_eip.one",
            "module.NAT_GW.aws_nat_gateway.nat_gw_qa",
            "module.Route_Tables.aws_route_table.Private_Route",
            "module.Subnets.aws_subnet.Private_Subnet_B",
            "module.Subnets.aws_subnet.Public_Subnet_A",
            "module.VPC.aws_vpc.kikeman_vpc"
          ]
        }
      ]
    },
    {
      "module": "module.Route_Table_Association",
      "mode": "managed",
      "type": "aws_route_table_association",
      "name": "Public_Association_A",
      "provider": "provider[\"registry.terraform.io/hashicorp/aws\"]",
      "instances": [
        {
          "schema_version": 0,
          "attributes": {
            "gateway_id": null,
            "id": "rtbassoc-02f8a58e506da0f9e",
            "route_table_id": "rtb-0c5d356626c440635",
            "subnet_id": "subnet-04619a3354846d05b"
          },
          "sensitive_attributes": [],
          "private": "bnVsbA==",
          "dependencies": [
            "module.Internet_Gateway.aws_internet_gateway.Kikeman_IGW",
            "module.Route_Tables.aws_route_table.Public_Route",
            "module.Subnets.aws_subnet.Public_Subnet_A",
            "module.VPC.aws_vpc.kikeman_vpc"
          ]
        }
      ]
    },
    {
      "module": "module.Route_Table_Association",
      "mode": "managed",
      "type": "aws_route_table_association",
      "name": "Public_Association_B",
      "provider": "provider[\"registry.terraform.io/hashicorp/aws\"]",
      "instances": [
        {
          "schema_version": 0,
          "attributes": {
            "gateway_id": null,
            "id": "rtbassoc-05ed53defcb2180d5",
            "route_table_id": "rtb-0c5d356626c440635",
            "subnet_id": "subnet-0418b31349ed5603f"
          },
          "sensitive_attributes": [],
          "private": "bnVsbA==",
          "dependencies": [
            "module.Internet_Gateway.aws_internet_gateway.Kikeman_IGW",
            "module.Route_Tables.aws_route_table.Public_Route",
            "module.Subnets.aws_subnet.Public_Subnet_B",
            "module.VPC.aws_vpc.kikeman_vpc"
          ]
        }
      ]
    },
    {
      "module": "module.Route_Tables",
      "mode": "managed",
      "type": "aws_route_table",
      "name": "Private_Route",
      "provider": "provider[\"registry.terraform.io/hashicorp/aws\"]",
      "instances": [
        {
          "schema_version": 0,
          "attributes": {
            "id": "rtb-0f5cc12712d1ce06e",
            "owner_id": "854265026222",
            "propagating_vgws": [],
            "route": [
              {
                "cidr_block": "0.0.0.0/0",
                "egress_only_gateway_id": "",
                "gateway_id": "",
                "instance_id": "",
                "ipv6_cidr_block": "",
                "local_gateway_id": "",
                "nat_gateway_id": "nat-0ce7824eee2ebdf0f",
                "network_interface_id": "",
                "transit_gateway_id": "",
                "vpc_endpoint_id": "",
                "vpc_peering_connection_id": ""
              }
            ],
            "tags": {
              "Name": "Private_Route"
            },
            "vpc_id": "vpc-081d883eb93544d17"
          },
          "sensitive_attributes": [],
          "private": "bnVsbA==",
          "dependencies": [
            "module.EIP.aws_eip.one",
            "module.NAT_GW.aws_nat_gateway.nat_gw_qa",
            "module.Subnets.aws_subnet.Public_Subnet_A",
            "module.VPC.aws_vpc.kikeman_vpc"
          ]
        }
      ]
    },
    {
      "module": "module.Route_Tables",
      "mode": "managed",
      "type": "aws_route_table",
      "name": "Public_Route",
      "provider": "provider[\"registry.terraform.io/hashicorp/aws\"]",
      "instances": [
        {
          "schema_version": 0,
          "attributes": {
            "id": "rtb-0c5d356626c440635",
            "owner_id": "854265026222",
            "propagating_vgws": [],
            "route": [
              {
                "cidr_block": "0.0.0.0/0",
                "egress_only_gateway_id": "",
                "gateway_id": "igw-01f378a986efc3667",
                "instance_id": "",
                "ipv6_cidr_block": "",
                "local_gateway_id": "",
                "nat_gateway_id": "",
                "network_interface_id": "",
                "transit_gateway_id": "",
                "vpc_endpoint_id": "",
                "vpc_peering_connection_id": ""
              }
            ],
            "tags": {
              "Name": "Public_Route"
            },
            "vpc_id": "vpc-081d883eb93544d17"
          },
          "sensitive_attributes": [],
          "private": "bnVsbA==",
          "dependencies": [
            "module.Internet_Gateway.aws_internet_gateway.Kikeman_IGW",
            "module.VPC.aws_vpc.kikeman_vpc"
          ]
        }
      ]
    },
    {
      "module": "module.Security_Groups",
      "mode": "managed",
      "type": "aws_security_group",
      "name": "SG_elb_http",
      "provider": "provider[\"registry.terraform.io/hashicorp/aws\"]",
      "instances": [
        {
          "schema_version": 1,
          "attributes": {
            "arn": "arn:aws:ec2:us-east-2:854265026222:security-group/sg-075c9dab297b3d9d0",
            "description": "Allow HTTP",
            "egress": [
              {
                "cidr_blocks": [
                  "0.0.0.0/0"
                ],
                "description": "",
                "from_port": 0,
                "ipv6_cidr_blocks": [],
                "prefix_list_ids": [],
                "protocol": "-1",
                "security_groups": [],
                "self": false,
                "to_port": 0
              }
            ],
            "id": "sg-075c9dab297b3d9d0",
            "ingress": [
              {
                "cidr_blocks": [
                  "0.0.0.0/0"
                ],
                "description": "",
                "from_port": 443,
                "ipv6_cidr_blocks": [],
                "prefix_list_ids": [],
                "protocol": "tcp",
                "security_groups": [],
                "self": false,
                "to_port": 443
              },
              {
                "cidr_blocks": [
                  "0.0.0.0/0"
                ],
                "description": "",
                "from_port": 80,
                "ipv6_cidr_blocks": [],
                "prefix_list_ids": [],
                "protocol": "tcp",
                "security_groups": [],
                "self": false,
                "to_port": 80
              }
            ],
            "name": "SG_elb_http",
            "name_prefix": "",
            "owner_id": "854265026222",
            "revoke_rules_on_delete": false,
            "tags": {
              "Ambiente": "QA",
              "Name": "qaelb"
            },
            "timeouts": null,
            "vpc_id": "vpc-081d883eb93544d17"
          },
          "sensitive_attributes": [],
          "private": "eyJlMmJmYjczMC1lY2FhLTExZTYtOGY4OC0zNDM2M2JjN2M0YzAiOnsiY3JlYXRlIjo2MDAwMDAwMDAwMDAsImRlbGV0ZSI6NjAwMDAwMDAwMDAwfSwic2NoZW1hX3ZlcnNpb24iOiIxIn0=",
          "dependencies": [
            "module.VPC.aws_vpc.kikeman_vpc"
          ]
        }
      ]
    },
    {
      "module": "module.Security_Groups",
      "mode": "managed",
      "type": "aws_security_group",
      "name": "SG_ssh_http",
      "provider": "provider[\"registry.terraform.io/hashicorp/aws\"]",
      "instances": [
        {
          "schema_version": 1,
          "attributes": {
            "arn": "arn:aws:ec2:us-east-2:854265026222:security-group/sg-090e1a711ecfa296e",
            "description": "Managed by Terraform",
            "egress": [
              {
                "cidr_blocks": [
                  "0.0.0.0/0"
                ],
                "description": "",
                "from_port": 0,
                "ipv6_cidr_blocks": [],
                "prefix_list_ids": [],
                "protocol": "-1",
                "security_groups": [],
                "self": false,
                "to_port": 0
              }
            ],
            "id": "sg-090e1a711ecfa296e",
            "ingress": [
              {
                "cidr_blocks": [],
                "description": "HTTP",
                "from_port": 80,
                "ipv6_cidr_blocks": [],
                "prefix_list_ids": [],
                "protocol": "tcp",
                "security_groups": [
                  "sg-075c9dab297b3d9d0"
                ],
                "self": false,
                "to_port": 80
              },
              {
                "cidr_blocks": [],
                "description": "HTTPS",
                "from_port": 443,
                "ipv6_cidr_blocks": [],
                "prefix_list_ids": [],
                "protocol": "tcp",
                "security_groups": [
                  "sg-075c9dab297b3d9d0"
                ],
                "self": false,
                "to_port": 443
              }
            ],
            "name": "SG-ssh-http",
            "name_prefix": "",
            "owner_id": "854265026222",
            "revoke_rules_on_delete": false,
            "tags": null,
            "timeouts": null,
            "vpc_id": "vpc-081d883eb93544d17"
          },
          "sensitive_attributes": [],
          "private": "eyJlMmJmYjczMC1lY2FhLTExZTYtOGY4OC0zNDM2M2JjN2M0YzAiOnsiY3JlYXRlIjo2MDAwMDAwMDAwMDAsImRlbGV0ZSI6NjAwMDAwMDAwMDAwfSwic2NoZW1hX3ZlcnNpb24iOiIxIn0=",
          "dependencies": [
            "module.Security_Groups.aws_security_group.SG_elb_http",
            "module.VPC.aws_vpc.kikeman_vpc"
          ]
        }
      ]
    },
    {
      "module": "module.Subnets",
      "mode": "managed",
      "type": "aws_subnet",
      "name": "Private_Subnet_A",
      "provider": "provider[\"registry.terraform.io/hashicorp/aws\"]",
      "instances": [
        {
          "schema_version": 1,
          "attributes": {
            "arn": "arn:aws:ec2:us-east-2:854265026222:subnet/subnet-0b3d0c4ce593d8ff1",
            "assign_ipv6_address_on_creation": false,
            "availability_zone": "us-east-2a",
            "availability_zone_id": "use2-az1",
            "cidr_block": "192.168.30.32/28",
            "id": "subnet-0b3d0c4ce593d8ff1",
            "ipv6_cidr_block": "",
            "ipv6_cidr_block_association_id": "",
            "map_public_ip_on_launch": false,
            "outpost_arn": "",
            "owner_id": "854265026222",
            "tags": {
              "Ambiente": "QA",
              "Name": "Private_Subnet_A"
            },
            "timeouts": null,
            "vpc_id": "vpc-081d883eb93544d17"
          },
          "sensitive_attributes": [],
          "private": "eyJlMmJmYjczMC1lY2FhLTExZTYtOGY4OC0zNDM2M2JjN2M0YzAiOnsiY3JlYXRlIjo2MDAwMDAwMDAwMDAsImRlbGV0ZSI6MTIwMDAwMDAwMDAwMH0sInNjaGVtYV92ZXJzaW9uIjoiMSJ9",
          "dependencies": [
            "module.VPC.aws_vpc.kikeman_vpc"
          ]
        }
      ]
    },
    {
      "module": "module.Subnets",
      "mode": "managed",
      "type": "aws_subnet",
      "name": "Private_Subnet_B",
      "provider": "provider[\"registry.terraform.io/hashicorp/aws\"]",
      "instances": [
        {
          "schema_version": 1,
          "attributes": {
            "arn": "arn:aws:ec2:us-east-2:854265026222:subnet/subnet-0ee09bf5103bd9ca3",
            "assign_ipv6_address_on_creation": false,
            "availability_zone": "us-east-2b",
            "availability_zone_id": "use2-az2",
            "cidr_block": "192.168.30.48/28",
            "id": "subnet-0ee09bf5103bd9ca3",
            "ipv6_cidr_block": "",
            "ipv6_cidr_block_association_id": "",
            "map_public_ip_on_launch": false,
            "outpost_arn": "",
            "owner_id": "854265026222",
            "tags": {
              "Ambiente": "QA",
              "Name": "Private_Subnet_B"
            },
            "timeouts": null,
            "vpc_id": "vpc-081d883eb93544d17"
          },
          "sensitive_attributes": [],
          "private": "eyJlMmJmYjczMC1lY2FhLTExZTYtOGY4OC0zNDM2M2JjN2M0YzAiOnsiY3JlYXRlIjo2MDAwMDAwMDAwMDAsImRlbGV0ZSI6MTIwMDAwMDAwMDAwMH0sInNjaGVtYV92ZXJzaW9uIjoiMSJ9",
          "dependencies": [
            "module.VPC.aws_vpc.kikeman_vpc"
          ]
        }
      ]
    },
    {
      "module": "module.Subnets",
      "mode": "managed",
      "type": "aws_subnet",
      "name": "Public_Subnet_A",
      "provider": "provider[\"registry.terraform.io/hashicorp/aws\"]",
      "instances": [
        {
          "schema_version": 1,
          "attributes": {
            "arn": "arn:aws:ec2:us-east-2:854265026222:subnet/subnet-04619a3354846d05b",
            "assign_ipv6_address_on_creation": false,
            "availability_zone": "us-east-2a",
            "availability_zone_id": "use2-az1",
            "cidr_block": "192.168.30.0/28",
            "id": "subnet-04619a3354846d05b",
            "ipv6_cidr_block": "",
            "ipv6_cidr_block_association_id": "",
            "map_public_ip_on_launch": false,
            "outpost_arn": "",
            "owner_id": "854265026222",
            "tags": {
              "Ambiente": "QA",
              "Name": "Public_Subnet_A"
            },
            "timeouts": null,
            "vpc_id": "vpc-081d883eb93544d17"
          },
          "sensitive_attributes": [],
          "private": "eyJlMmJmYjczMC1lY2FhLTExZTYtOGY4OC0zNDM2M2JjN2M0YzAiOnsiY3JlYXRlIjo2MDAwMDAwMDAwMDAsImRlbGV0ZSI6MTIwMDAwMDAwMDAwMH0sInNjaGVtYV92ZXJzaW9uIjoiMSJ9",
          "dependencies": [
            "module.VPC.aws_vpc.kikeman_vpc"
          ]
        }
      ]
    },
    {
      "module": "module.Subnets",
      "mode": "managed",
      "type": "aws_subnet",
      "name": "Public_Subnet_B",
      "provider": "provider[\"registry.terraform.io/hashicorp/aws\"]",
      "instances": [
        {
          "schema_version": 1,
          "attributes": {
            "arn": "arn:aws:ec2:us-east-2:854265026222:subnet/subnet-0418b31349ed5603f",
            "assign_ipv6_address_on_creation": false,
            "availability_zone": "us-east-2b",
            "availability_zone_id": "use2-az2",
            "cidr_block": "192.168.30.16/28",
            "id": "subnet-0418b31349ed5603f",
            "ipv6_cidr_block": "",
            "ipv6_cidr_block_association_id": "",
            "map_public_ip_on_launch": false,
            "outpost_arn": "",
            "owner_id": "854265026222",
            "tags": {
              "Ambiente": "QA",
              "Name": "Public_Subnet_B"
            },
            "timeouts": null,
            "vpc_id": "vpc-081d883eb93544d17"
          },
          "sensitive_attributes": [],
          "private": "eyJlMmJmYjczMC1lY2FhLTExZTYtOGY4OC0zNDM2M2JjN2M0YzAiOnsiY3JlYXRlIjo2MDAwMDAwMDAwMDAsImRlbGV0ZSI6MTIwMDAwMDAwMDAwMH0sInNjaGVtYV92ZXJzaW9uIjoiMSJ9",
          "dependencies": [
            "module.VPC.aws_vpc.kikeman_vpc"
          ]
        }
      ]
    },
    {
      "module": "module.TG_Attachment",
      "mode": "managed",
      "type": "aws_lb_target_group",
      "name": "tg_qa",
      "provider": "provider[\"registry.terraform.io/hashicorp/aws\"]",
      "instances": [
        {
          "schema_version": 0,
          "attributes": {
            "arn": "arn:aws:elasticloadbalancing:us-east-2:854265026222:targetgroup/TargetGroup-for-QA-and-HTTP/f467fb8c7a576430",
            "arn_suffix": "targetgroup/TargetGroup-for-QA-and-HTTP/f467fb8c7a576430",
            "deregistration_delay": 300,
            "health_check": [
              {
                "enabled": true,
                "healthy_threshold": 5,
                "interval": 30,
                "matcher": "200",
                "path": "/",
                "port": "traffic-port",
                "protocol": "HTTP",
                "timeout": 5,
                "unhealthy_threshold": 2
              }
            ],
            "id": "arn:aws:elasticloadbalancing:us-east-2:854265026222:targetgroup/TargetGroup-for-QA-and-HTTP/f467fb8c7a576430",
            "lambda_multi_value_headers_enabled": false,
            "load_balancing_algorithm_type": "round_robin",
            "name": "TargetGroup-for-QA-and-HTTP",
            "name_prefix": null,
            "port": 80,
            "protocol": "HTTP",
            "proxy_protocol_v2": false,
            "slow_start": 0,
            "stickiness": [
              {
                "cookie_duration": 86400,
                "enabled": false,
                "type": "lb_cookie"
              }
            ],
            "tags": {
              "Name": "TG_QA"
            },
            "target_type": "instance",
            "vpc_id": "vpc-081d883eb93544d17"
          },
          "sensitive_attributes": [],
          "private": "bnVsbA==",
          "dependencies": [
            "module.VPC.aws_vpc.kikeman_vpc"
          ]
        }
      ]
    },
    {
      "module": "module.TG_Attachment",
      "mode": "managed",
      "type": "aws_lb_target_group_attachment",
      "name": "TG_Atacchment_1",
      "provider": "provider[\"registry.terraform.io/hashicorp/aws\"]",
      "instances": [
        {
          "schema_version": 0,
          "attributes": {
            "availability_zone": null,
            "id": "arn:aws:elasticloadbalancing:us-east-2:854265026222:targetgroup/TargetGroup-for-QA-and-HTTP/f467fb8c7a576430-20210114164805814600000002",
            "port": 80,
            "target_group_arn": "arn:aws:elasticloadbalancing:us-east-2:854265026222:targetgroup/TargetGroup-for-QA-and-HTTP/f467fb8c7a576430",
            "target_id": "i-0958a9d6731764255"
          },
          "sensitive_attributes": [],
          "private": "bnVsbA==",
          "dependencies": [
            "module.EC2.aws_instance.server1",
            "module.Key_pair.aws_key_pair.Key_pair",
            "module.Security_Groups.aws_security_group.SG_elb_http",
            "module.Security_Groups.aws_security_group.SG_ssh_http",
            "module.Subnets.aws_subnet.Private_Subnet_A",
            "module.TG_Attachment.aws_lb_target_group.tg_qa",
            "module.VPC.aws_vpc.kikeman_vpc"
          ]
        }
      ]
    },
    {
      "module": "module.TG_Attachment",
      "mode": "managed",
      "type": "aws_lb_target_group_attachment",
      "name": "TG_Atacchment_2",
      "provider": "provider[\"registry.terraform.io/hashicorp/aws\"]",
      "instances": [
        {
          "schema_version": 0,
          "attributes": {
            "availability_zone": null,
            "id": "arn:aws:elasticloadbalancing:us-east-2:854265026222:targetgroup/TargetGroup-for-QA-and-HTTP/f467fb8c7a576430-20210114164805863700000003",
            "port": 80,
            "target_group_arn": "arn:aws:elasticloadbalancing:us-east-2:854265026222:targetgroup/TargetGroup-for-QA-and-HTTP/f467fb8c7a576430",
            "target_id": "i-012cbf2cf959e9128"
          },
          "sensitive_attributes": [],
          "private": "bnVsbA==",
          "dependencies": [
            "module.EC2.aws_instance.server2",
            "module.Key_pair.aws_key_pair.Key_pair",
            "module.Security_Groups.aws_security_group.SG_elb_http",
            "module.Security_Groups.aws_security_group.SG_ssh_http",
            "module.Subnets.aws_subnet.Private_Subnet_B",
            "module.TG_Attachment.aws_lb_target_group.tg_qa",
            "module.VPC.aws_vpc.kikeman_vpc"
          ]
        }
      ]
    },
    {
      "module": "module.VPC",
      "mode": "managed",
      "type": "aws_vpc",
      "name": "kikeman_vpc",
      "provider": "provider[\"registry.terraform.io/hashicorp/aws\"]",
      "instances": [
        {
          "schema_version": 1,
          "attributes": {
            "arn": "arn:aws:ec2:us-east-2:854265026222:vpc/vpc-081d883eb93544d17",
            "assign_generated_ipv6_cidr_block": false,
            "cidr_block": "192.168.30.0/24",
            "default_network_acl_id": "acl-0171f4e99565d4bb6",
            "default_route_table_id": "rtb-035edcaaee90e9829",
            "default_security_group_id": "sg-004bb7ee8006eaaf5",
            "dhcp_options_id": "dopt-d049d4bb",
            "enable_classiclink": null,
            "enable_classiclink_dns_support": null,
            "enable_dns_hostnames": true,
            "enable_dns_support": true,
            "id": "vpc-081d883eb93544d17",
            "instance_tenancy": "default",
            "ipv6_association_id": "",
            "ipv6_cidr_block": "",
            "main_route_table_id": "rtb-035edcaaee90e9829",
            "owner_id": "854265026222",
            "tags": {
              "Name": "kikeman_vpc"
            }
          },
          "sensitive_attributes": [],
          "private": "eyJzY2hlbWFfdmVyc2lvbiI6IjEifQ=="
        }
      ]
    },
    {
      "module": "module.aws_S3_backend",
      "mode": "managed",
      "type": "aws_s3_bucket",
      "name": "terraform_state",
      "provider": "provider[\"registry.terraform.io/hashicorp/aws\"]",
      "instances": [
        {
          "schema_version": 0,
          "attributes": {
            "acceleration_status": "",
            "acl": "private",
            "arn": "arn:aws:s3:::tf-test-infra-kikeman",
            "bucket": "tf-test-infra-kikeman",
            "bucket_domain_name": "tf-test-infra-kikeman.s3.amazonaws.com",
            "bucket_prefix": null,
            "bucket_regional_domain_name": "tf-test-infra-kikeman.s3.us-east-2.amazonaws.com",
            "cors_rule": [],
            "force_destroy": false,
            "grant": [],
            "hosted_zone_id": "Z2O1EMRO9K5GLX",
            "id": "tf-test-infra-kikeman",
            "lifecycle_rule": [],
            "logging": [],
            "object_lock_configuration": [],
            "policy": null,
            "region": "us-east-2",
            "replication_configuration": [],
            "request_payer": "BucketOwner",
            "server_side_encryption_configuration": [
              {
                "rule": [
                  {
                    "apply_server_side_encryption_by_default": [
                      {
                        "kms_master_key_id": "",
                        "sse_algorithm": "AES256"
                      }
                    ]
                  }
                ]
              }
            ],
            "tags": null,
            "versioning": [
              {
                "enabled": true,
                "mfa_delete": false
              }
            ],
            "website": [],
            "website_domain": null,
            "website_endpoint": null
          },
          "sensitive_attributes": [],
          "private": "bnVsbA=="
        }
      ]
    }
  ]
}
